// !$*UTF8*$!
{
	archiveVersion = 1;
	classes = {
	};
	objectVersion = 51;
	objects = {

/* Begin PBXBuildFile section */
		403D1F4F41611B5B49576C55 /* Pods_Todoozy.framework in Frameworks */ = {isa = PBXBuildFile; fileRef = 98D12F5F29E608CD77F0B2FC /* Pods_Todoozy.framework */; };
		542010FF22AE516A0007CE03 /* CategoryViewController.swift in Sources */ = {isa = PBXBuildFile; fileRef = 542010FE22AE516A0007CE03 /* CategoryViewController.swift */; };
		5438144122B51D76004A294B /* SwipeTableViewController.swift in Sources */ = {isa = PBXBuildFile; fileRef = 5438144022B51D76004A294B /* SwipeTableViewController.swift */; };
		54562D7922A7035F00C782BE /* AppDelegate.swift in Sources */ = {isa = PBXBuildFile; fileRef = 54562D7822A7035F00C782BE /* AppDelegate.swift */; };
		54562D7B22A7035F00C782BE /* TodoListViewController.swift in Sources */ = {isa = PBXBuildFile; fileRef = 54562D7A22A7035F00C782BE /* TodoListViewController.swift */; };
		54562D7E22A7035F00C782BE /* Main.storyboard in Resources */ = {isa = PBXBuildFile; fileRef = 54562D7C22A7035F00C782BE /* Main.storyboard */; };
		54562D8022A7036100C782BE /* Assets.xcassets in Resources */ = {isa = PBXBuildFile; fileRef = 54562D7F22A7036100C782BE /* Assets.xcassets */; };
		54562D8322A7036100C782BE /* LaunchScreen.storyboard in Resources */ = {isa = PBXBuildFile; fileRef = 54562D8122A7036100C782BE /* LaunchScreen.storyboard */; };
		54709BCF22AEC54300ED4D26 /* Item.swift in Sources */ = {isa = PBXBuildFile; fileRef = 54709BCE22AEC54300ED4D26 /* Item.swift */; };
		54709BD122AEC54E00ED4D26 /* Category.swift in Sources */ = {isa = PBXBuildFile; fileRef = 54709BD022AEC54E00ED4D26 /* Category.swift */; };
/* End PBXBuildFile section */

/* Begin PBXFileReference section */
		37F00D406F785545888E3323 /* Pods-Todoozy.debug.xcconfig */ = {isa = PBXFileReference; includeInIndex = 1; lastKnownFileType = text.xcconfig; name = "Pods-Todoozy.debug.xcconfig"; path = "Target Support Files/Pods-Todoozy/Pods-Todoozy.debug.xcconfig"; sourceTree = "<group>"; };
		44E7EEDB69BD49CC208B1F7A /* Pods-Todoozy.release.xcconfig */ = {isa = PBXFileReference; includeInIndex = 1; lastKnownFileType = text.xcconfig; name = "Pods-Todoozy.release.xcconfig"; path = "Target Support Files/Pods-Todoozy/Pods-Todoozy.release.xcconfig"; sourceTree = "<group>"; };
		542010FE22AE516A0007CE03 /* CategoryViewController.swift */ = {isa = PBXFileReference; lastKnownFileType = sourcecode.swift; path = CategoryViewController.swift; sourceTree = "<group>"; };
		5438144022B51D76004A294B /* SwipeTableViewController.swift */ = {isa = PBXFileReference; lastKnownFileType = sourcecode.swift; path = SwipeTableViewController.swift; sourceTree = "<group>"; };
		54562D7522A7035F00C782BE /* Todoozy.app */ = {isa = PBXFileReference; explicitFileType = wrapper.application; includeInIndex = 0; path = Todoozy.app; sourceTree = BUILT_PRODUCTS_DIR; };
		54562D7822A7035F00C782BE /* AppDelegate.swift */ = {isa = PBXFileReference; lastKnownFileType = sourcecode.swift; path = AppDelegate.swift; sourceTree = "<group>"; };
		54562D7A22A7035F00C782BE /* TodoListViewController.swift */ = {isa = PBXFileReference; lastKnownFileType = sourcecode.swift; path = TodoListViewController.swift; sourceTree = "<group>"; };
		54562D7D22A7035F00C782BE /* Base */ = {isa = PBXFileReference; lastKnownFileType = file.storyboard; name = Base; path = Base.lproj/Main.storyboard; sourceTree = "<group>"; };
		54562D7F22A7036100C782BE /* Assets.xcassets */ = {isa = PBXFileReference; lastKnownFileType = folder.assetcatalog; path = Assets.xcassets; sourceTree = "<group>"; };
		54562D8222A7036100C782BE /* Base */ = {isa = PBXFileReference; lastKnownFileType = file.storyboard; name = Base; path = Base.lproj/LaunchScreen.storyboard; sourceTree = "<group>"; };
		54562D8422A7036100C782BE /* Info.plist */ = {isa = PBXFileReference; lastKnownFileType = text.plist.xml; path = Info.plist; sourceTree = "<group>"; };
		54709BCE22AEC54300ED4D26 /* Item.swift */ = {isa = PBXFileReference; lastKnownFileType = sourcecode.swift; path = Item.swift; sourceTree = "<group>"; };
		54709BD022AEC54E00ED4D26 /* Category.swift */ = {isa = PBXFileReference; lastKnownFileType = sourcecode.swift; path = Category.swift; sourceTree = "<group>"; };
		98D12F5F29E608CD77F0B2FC /* Pods_Todoozy.framework */ = {isa = PBXFileReference; explicitFileType = wrapper.framework; includeInIndex = 0; path = Pods_Todoozy.framework; sourceTree = BUILT_PRODUCTS_DIR; };
/* End PBXFileReference section */

/* Begin PBXFrameworksBuildPhase section */
		54562D7222A7035F00C782BE /* Frameworks */ = {
			isa = PBXFrameworksBuildPhase;
			buildActionMask = 2147483647;
			files = (
				403D1F4F41611B5B49576C55 /* Pods_Todoozy.framework in Frameworks */,
			);
			runOnlyForDeploymentPostprocessing = 0;
		};
/* End PBXFrameworksBuildPhase section */

/* Begin PBXGroup section */
		54562D6C22A7035F00C782BE = {
			isa = PBXGroup;
			children = (
				54562D7722A7035F00C782BE /* Todoozy */,
				54562D7622A7035F00C782BE /* Products */,
				CBCE885E517333729C5CA9FA /* Pods */,
				DD8C2F5FD0A27568253881E8 /* Frameworks */,
			);
			sourceTree = "<group>";
		};
		54562D7622A7035F00C782BE /* Products */ = {
			isa = PBXGroup;
			children = (
				54562D7522A7035F00C782BE /* Todoozy.app */,
			);
			name = Products;
			sourceTree = "<group>";
		};
		54562D7722A7035F00C782BE /* Todoozy */ = {
			isa = PBXGroup;
			children = (
				54562D7822A7035F00C782BE /* AppDelegate.swift */,
				54D0205822AA9E6F006093F4 /* Views */,
				54D0205722AA9E63006093F4 /* Controllers */,
				54D0205622AA9E49006093F4 /* Data Model */,
				54D0205922AA9E7D006093F4 /* Supporting Files */,
				54562D8422A7036100C782BE /* Info.plist */,
			);
			path = Todoozy;
			sourceTree = "<group>";
		};
		54D0205622AA9E49006093F4 /* Data Model */ = {
			isa = PBXGroup;
			children = (
				54709BD022AEC54E00ED4D26 /* Category.swift */,
				54709BCE22AEC54300ED4D26 /* Item.swift */,
			);
			path = "Data Model";
			sourceTree = "<group>";
		};
		54D0205722AA9E63006093F4 /* Controllers */ = {
			isa = PBXGroup;
			children = (
				542010FE22AE516A0007CE03 /* CategoryViewController.swift */,
				5438144022B51D76004A294B /* SwipeTableViewController.swift */,
				54562D7A22A7035F00C782BE /* TodoListViewController.swift */,
			);
			path = Controllers;
			sourceTree = "<group>";
		};
		54D0205822AA9E6F006093F4 /* Views */ = {
			isa = PBXGroup;
			children = (
				54562D7C22A7035F00C782BE /* Main.storyboard */,
			);
			path = Views;
			sourceTree = "<group>";
		};
		54D0205922AA9E7D006093F4 /* Supporting Files */ = {
			isa = PBXGroup;
			children = (
				54562D7F22A7036100C782BE /* Assets.xcassets */,
				54562D8122A7036100C782BE /* LaunchScreen.storyboard */,
			);
			path = "Supporting Files";
			sourceTree = "<group>";
		};
		CBCE885E517333729C5CA9FA /* Pods */ = {
			isa = PBXGroup;
			children = (
				37F00D406F785545888E3323 /* Pods-Todoozy.debug.xcconfig */,
				44E7EEDB69BD49CC208B1F7A /* Pods-Todoozy.release.xcconfig */,
			);
			path = Pods;
			sourceTree = "<group>";
		};
		DD8C2F5FD0A27568253881E8 /* Frameworks */ = {
			isa = PBXGroup;
			children = (
				98D12F5F29E608CD77F0B2FC /* Pods_Todoozy.framework */,
			);
			name = Frameworks;
			sourceTree = "<group>";
		};
/* End PBXGroup section */

/* Begin PBXNativeTarget section */
		54562D7422A7035F00C782BE /* Todoozy */ = {
			isa = PBXNativeTarget;
			buildConfigurationList = 54562D8722A7036100C782BE /* Build configuration list for PBXNativeTarget "Todoozy" */;
			buildPhases = (
				FDF3600FCFED6CEBDE66F3AC /* [CP] Check Pods Manifest.lock */,
				54562D7122A7035F00C782BE /* Sources */,
				54562D7222A7035F00C782BE /* Frameworks */,
				54562D7322A7035F00C782BE /* Resources */,
				3E560E8726F56C9AF03CB7C7 /* [CP] Embed Pods Frameworks */,
			);
			buildRules = (
			);
			dependencies = (
			);
			name = Todoozy;
			productName = Todoozy;
			productReference = 54562D7522A7035F00C782BE /* Todoozy.app */;
			productType = "com.apple.product-type.application";
		};
/* End PBXNativeTarget section */

/* Begin PBXProject section */
		54562D6D22A7035F00C782BE /* Project object */ = {
			isa = PBXProject;
			attributes = {
				LastSwiftUpdateCheck = 1020;
				LastUpgradeCheck = 1020;
				ORGANIZATIONNAME = "Brendan Milton";
				TargetAttributes = {
					54562D7422A7035F00C782BE = {
						CreatedOnToolsVersion = 10.2;
					};
				};
			};
			buildConfigurationList = 54562D7022A7035F00C782BE /* Build configuration list for PBXProject "Todoozy" */;
			compatibilityVersion = "Xcode 9.3";
			developmentRegion = en;
			hasScannedForEncodings = 0;
			knownRegions = (
				en,
				Base,
			);
			mainGroup = 54562D6C22A7035F00C782BE;
			productRefGroup = 54562D7622A7035F00C782BE /* Products */;
			projectDirPath = "";
			projectRoot = "";
			targets = (
				54562D7422A7035F00C782BE /* Todoozy */,
			);
		};
/* End PBXProject section */

/* Begin PBXResourcesBuildPhase section */
		54562D7322A7035F00C782BE /* Resources */ = {
			isa = PBXResourcesBuildPhase;
			buildActionMask = 2147483647;
			files = (
				54562D8322A7036100C782BE /* LaunchScreen.storyboard in Resources */,
				54562D8022A7036100C782BE /* Assets.xcassets in Resources */,
				54562D7E22A7035F00C782BE /* Main.storyboard in Resources */,
			);
			runOnlyForDeploymentPostprocessing = 0;
		};
/* End PBXResourcesBuildPhase section */

/* Begin PBXShellScriptBuildPhase section */
		3E560E8726F56C9AF03CB7C7 /* [CP] Embed Pods Frameworks */ = {
			isa = PBXShellScriptBuildPhase;
			buildActionMask = 2147483647;
			files = (
			);
			inputFileListPaths = (
				"${PODS_ROOT}/Target Support Files/Pods-Todoozy/Pods-Todoozy-frameworks-${CONFIGURATION}-input-files.xcfilelist",
			);
			name = "[CP] Embed Pods Frameworks";
			outputFileListPaths = (
				"${PODS_ROOT}/Target Support Files/Pods-Todoozy/Pods-Todoozy-frameworks-${CONFIGURATION}-output-files.xcfilelist",
			);
			runOnlyForDeploymentPostprocessing = 0;
			shellPath = /bin/sh;
			shellScript = "\"${PODS_ROOT}/Target Support Files/Pods-Todoozy/Pods-Todoozy-frameworks.sh\"\n";
			showEnvVarsInLog = 0;
		};
		FDF3600FCFED6CEBDE66F3AC /* [CP] Check Pods Manifest.lock */ = {
			isa = PBXShellScriptBuildPhase;
			buildActionMask = 2147483647;
			files = (
			);
			inputFileListPaths = (
			);
			inputPaths = (
				"${PODS_PODFILE_DIR_PATH}/Podfile.lock",
				"${PODS_ROOT}/Manifest.lock",
			);
			name = "[CP] Check Pods Manifest.lock";
			outputFileListPaths = (
			);
			outputPaths = (
				"$(DERIVED_FILE_DIR)/Pods-Todoozy-checkManifestLockResult.txt",
			);
			runOnlyForDeploymentPostprocessing = 0;
			shellPath = /bin/sh;
			shellScript = "diff \"${PODS_PODFILE_DIR_PATH}/Podfile.lock\" \"${PODS_ROOT}/Manifest.lock\" > /dev/null\nif [ $? != 0 ] ; then\n    # print error to STDERR\n    echo \"error: The sandbox is not in sync with the Podfile.lock. Run 'pod install' or update your CocoaPods installation.\" >&2\n    exit 1\nfi\n# This output is used by Xcode 'outputs' to avoid re-running this script phase.\necho \"SUCCESS\" > \"${SCRIPT_OUTPUT_FILE_0}\"\n";
			showEnvVarsInLog = 0;
		};
/* End PBXShellScriptBuildPhase section */

/* Begin PBXSourcesBuildPhase section */
		54562D7122A7035F00C782BE /* Sources */ = {
			isa = PBXSourcesBuildPhase;
			buildActionMask = 2147483647;
			files = (
				54709BCF22AEC54300ED4D26 /* Item.swift in Sources */,
				542010FF22AE516A0007CE03 /* CategoryViewController.swift in Sources */,
				54562D7B22A7035F00C782BE /* TodoListViewController.swift in Sources */,
				54562D7922A7035F00C782BE /* AppDelegate.swift in Sources */,
				5438144122B51D76004A294B /* SwipeTableViewController.swift in Sources */,
				54709BD122AEC54E00ED4D26 /* Category.swift in Sources */,
			);
			runOnlyForDeploymentPostprocessing = 0;
		};
/* End PBXSourcesBuildPhase section */

/* Begin PBXVariantGroup section */
		54562D7C22A7035F00C782BE /* Main.storyboard */ = {
			isa = PBXVariantGroup;
			children = (
				54562D7D22A7035F00C782BE /* Base */,
			);
			name = Main.storyboard;
			sourceTree = "<group>";
		};
		54562D8122A7036100C782BE /* LaunchScreen.storyboard */ = {
			isa = PBXVariantGroup;
			children = (
				54562D8222A7036100C782BE /* Base */,
			);
			name = LaunchScreen.storyboard;
			sourceTree = "<group>";
		};
/* End PBXVariantGroup section */

/* Begin XCBuildConfiguration section */
		54562D8522A7036100C782BE /* Debug */ = {
			isa = XCBuildConfiguration;
			buildSettings = {
				ALWAYS_SEARCH_USER_PATHS = NO;
				CLANG_ANALYZER_NONNULL = YES;
				CLANG_ANALYZER_NUMBER_OBJECT_CONVERSION = YES_AGGRESSIVE;
				CLANG_CXX_LANGUAGE_STANDARD = "gnu++14";
				CLANG_CXX_LIBRARY = "libc++";
				CLANG_ENABLE_MODULES = YES;
				CLANG_ENABLE_OBJC_ARC = YES;
				CLANG_ENABLE_OBJC_WEAK = YES;
				CLANG_WARN_BLOCK_CAPTURE_AUTORELEASING = YES;
				CLANG_WARN_BOOL_CONVERSION = YES;
				CLANG_WARN_COMMA = YES;
				CLANG_WARN_CONSTANT_CONVERSION = YES;
				CLANG_WARN_DEPRECATED_OBJC_IMPLEMENTATIONS = YES;
				CLANG_WARN_DIRECT_OBJC_ISA_USAGE = YES_ERROR;
				CLANG_WARN_DOCUMENTATION_COMMENTS = YES;
				CLANG_WARN_EMPTY_BODY = YES;
				CLANG_WARN_ENUM_CONVERSION = YES;
				CLANG_WARN_INFINITE_RECURSION = YES;
				CLANG_WARN_INT_CONVERSION = YES;
				CLANG_WARN_NON_LITERAL_NULL_CONVERSION = YES;
				CLANG_WARN_OBJC_IMPLICIT_RETAIN_SELF = YES;
				CLANG_WARN_OBJC_LITERAL_CONVERSION = YES;
				CLANG_WARN_OBJC_ROOT_CLASS = YES_ERROR;
				CLANG_WARN_RANGE_LOOP_ANALYSIS = YES;
				CLANG_WARN_STRICT_PROTOTYPES = YES;
				CLANG_WARN_SUSPICIOUS_MOVE = YES;
				CLANG_WARN_UNGUARDED_AVAILABILITY = YES_AGGRESSIVE;
				CLANG_WARN_UNREACHABLE_CODE = YES;
				CLANG_WARN__DUPLICATE_METHOD_MATCH = YES;
				CODE_SIGN_IDENTITY = "iPhone Developer";
				COPY_PHASE_STRIP = NO;
				DEBUG_INFORMATION_FORMAT = dwarf;
				ENABLE_STRICT_OBJC_MSGSEND = YES;
				ENABLE_TESTABILITY = YES;
				GCC_C_LANGUAGE_STANDARD = gnu11;
				GCC_DYNAMIC_NO_PIC = NO;
				GCC_NO_COMMON_BLOCKS = YES;
				GCC_OPTIMIZATION_LEVEL = 0;
				GCC_PREPROCESSOR_DEFINITIONS = (
					"DEBUG=1",
					"$(inherited)",
				);
				GCC_WARN_64_TO_32_BIT_CONVERSION = YES;
				GCC_WARN_ABOUT_RETURN_TYPE = YES_ERROR;
				GCC_WARN_UNDECLARED_SELECTOR = YES;
				GCC_WARN_UNINITIALIZED_AUTOS = YES_AGGRESSIVE;
				GCC_WARN_UNUSED_FUNCTION = YES;
				GCC_WARN_UNUSED_VARIABLE = YES;
				IPHONEOS_DEPLOYMENT_TARGET = 12.2;
				MTL_ENABLE_DEBUG_INFO = INCLUDE_SOURCE;
				MTL_FAST_MATH = YES;
				ONLY_ACTIVE_ARCH = YES;
				SDKROOT = iphoneos;
				SWIFT_ACTIVE_COMPILATION_CONDITIONS = DEBUG;
				SWIFT_OPTIMIZATION_LEVEL = "-Onone";
			};
			name = Debug;
		};
		54562D8622A7036100C782BE /* Release */ = {
			isa = XCBuildConfiguration;
			buildSettings = {
				ALWAYS_SEARCH_USER_PATHS = NO;
				CLANG_ANALYZER_NONNULL = YES;
				CLANG_ANALYZER_NUMBER_OBJECT_CONVERSION = YES_AGGRESSIVE;
				CLANG_CXX_LANGUAGE_STANDARD = "gnu++14";
				CLANG_CXX_LIBRARY = "libc++";
				CLANG_ENABLE_MODULES = YES;
				CLANG_ENABLE_OBJC_ARC = YES;
				CLANG_ENABLE_OBJC_WEAK = YES;
				CLANG_WARN_BLOCK_CAPTURE_AUTORELEASING = YES;
				CLANG_WARN_BOOL_CONVERSION = YES;
				CLANG_WARN_COMMA = YES;
				CLANG_WARN_CONSTANT_CONVERSION = YES;
				CLANG_WARN_DEPRECATED_OBJC_IMPLEMENTATIONS = YES;
				CLANG_WARN_DIRECT_OBJC_ISA_USAGE = YES_ERROR;
				CLANG_WARN_DOCUMENTATION_COMMENTS = YES;
				CLANG_WARN_EMPTY_BODY = YES;
				CLANG_WARN_ENUM_CONVERSION = YES;
				CLANG_WARN_INFINITE_RECURSION = YES;
				CLANG_WARN_INT_CONVERSION = YES;
				CLANG_WARN_NON_LITERAL_NULL_CONVERSION = YES;
				CLANG_WARN_OBJC_IMPLICIT_RETAIN_SELF = YES;
				CLANG_WARN_OBJC_LITERAL_CONVERSION = YES;
				CLANG_WARN_OBJC_ROOT_CLASS = YES_ERROR;
				CLANG_WARN_RANGE_LOOP_ANALYSIS = YES;
				CLANG_WARN_STRICT_PROTOTYPES = YES;
				CLANG_WARN_SUSPICIOUS_MOVE = YES;
				CLANG_WARN_UNGUARDED_AVAILABILITY = YES_AGGRESSIVE;
				CLANG_WARN_UNREACHABLE_CODE = YES;
				CLANG_WARN__DUPLICATE_METHOD_MATCH = YES;
				CODE_SIGN_IDENTITY = "iPhone Developer";
				COPY_PHASE_STRIP = NO;
				DEBUG_INFORMATION_FORMAT = "dwarf-with-dsym";
				ENABLE_NS_ASSERTIONS = NO;
				ENABLE_STRICT_OBJC_MSGSEND = YES;
				GCC_C_LANGUAGE_STANDARD = gnu11;
				GCC_NO_COMMON_BLOCKS = YES;
				GCC_WARN_64_TO_32_BIT_CONVERSION = YES;
				GCC_WARN_ABOUT_RETURN_TYPE = YES_ERROR;
				GCC_WARN_UNDECLARED_SELECTOR = YES;
				GCC_WARN_UNINITIALIZED_AUTOS = YES_AGGRESSIVE;
				GCC_WARN_UNUSED_FUNCTION = YES;
				GCC_WARN_UNUSED_VARIABLE = YES;
				IPHONEOS_DEPLOYMENT_TARGET = 12.2;
				MTL_ENABLE_DEBUG_INFO = NO;
				MTL_FAST_MATH = YES;
				SDKROOT = iphoneos;
				SWIFT_COMPILATION_MODE = wholemodule;
				SWIFT_OPTIMIZATION_LEVEL = "-O";
				VALIDATE_PRODUCT = YES;
			};
			name = Release;
		};
		54562D8822A7036100C782BE /* Debug */ = {
			isa = XCBuildConfiguration;
			baseConfigurationReference = 37F00D406F785545888E3323 /* Pods-Todoozy.debug.xcconfig */;
			buildSettings = {
				ASSETCATALOG_COMPILER_APPICON_NAME = AppIcon;
				CODE_SIGN_STYLE = Automatic;
				DEVELOPMENT_TEAM = 3Z9HS596GE;
				INFOPLIST_FILE = Todoozy/Info.plist;
				LD_RUNPATH_SEARCH_PATHS = (
					"$(inherited)",
					"@executable_path/Frameworks",
				);
				PRODUCT_BUNDLE_IDENTIFIER = com.brendan.Todoozy;
				PRODUCT_NAME = "$(TARGET_NAME)";
				SWIFT_VERSION = 5.0;
				TARGETED_DEVICE_FAMILY = "1,2";
			};
			name = Debug;
		};
		54562D8922A7036100C782BE /* Release */ = {
			isa = XCBuildConfiguration;
			baseConfigurationReference = 44E7EEDB69BD49CC208B1F7A /* Pods-Todoozy.release.xcconfig */;
			buildSettings = {
				ASSETCATALOG_COMPILER_APPICON_NAME = AppIcon;
				CODE_SIGN_STYLE = Automatic;
				DEVELOPMENT_TEAM = 3Z9HS596GE;
				INFOPLIST_FILE = Todoozy/Info.plist;
				LD_RUNPATH_SEARCH_PATHS = (
					"$(inherited)",
					"@executable_path/Frameworks",
				);
				PRODUCT_BUNDLE_IDENTIFIER = com.brendan.Todoozy;
				PRODUCT_NAME = "$(TARGET_NAME)";
				SWIFT_VERSION = 5.0;
				TARGETED_DEVICE_FAMILY = "1,2";
			};
			name = Release;
		};
/* End XCBuildConfiguration section */

/* Begin XCConfigurationList section */
		54562D7022A7035F00C782BE /* Build configuration list for PBXProject "Todoozy" */ = {
			isa = XCConfigurationList;
			buildConfigurations = (
				54562D8522A7036100C782BE /* Debug */,
				54562D8622A7036100C782BE /* Release */,
			);
			defaultConfigurationIsVisible = 0;
			defaultConfigurationName = Release;
		};
		54562D8722A7036100C782BE /* Build configuration list for PBXNativeTarget "Todoozy" */ = {
			isa = XCConfigurationList;
			buildConfigurations = (
				54562D8822A7036100C782BE /* Debug */,
				54562D8922A7036100C782BE /* Release */,
			);
			defaultConfigurationIsVisible = 0;
			defaultConfigurationName = Release;
		};
/* End XCConfigurationList section */
	};
	rootObject = 54562D6D22A7035F00C782BE /* Project object */;
}
